
Microsoft Visual Studio Solution File, Format Version 11.00
# Visual Studio 2010
Project("{FAE04EC0-301F-11D3-BF4B-00C04F79EFBC}") = "RayTraceTest", "Assembly-CSharp.csproj", "{DE28EDB1-EE92-9300-D40D-5FC2127D2477}"
EndProject
Global
	GlobalSection(SolutionConfigurationPlatforms) = preSolution
		Debug|Any CPU = Debug|Any CPU
		Release|Any CPU = Release|Any CPU
	EndGlobalSection
	GlobalSection(ProjectConfigurationPlatforms) = postSolution
		{DE28EDB1-EE92-9300-D40D-5FC2127D2477}.Debug|Any CPU.ActiveCfg = Debug|Any CPU
		{DE28EDB1-EE92-9300-D40D-5FC2127D2477}.Debug|Any CPU.Build.0 = Debug|Any CPU
		{DE28EDB1-EE92-9300-D40D-5FC2127D2477}.Release|Any CPU.ActiveCfg = Release|Any CPU
		{DE28EDB1-EE92-9300-D40D-5FC2127D2477}.Release|Any CPU.Build.0 = Release|Any CPU
	EndGlobalSection
	GlobalSection(SolutionProperties) = preSolution
		HideSolutionNode = FALSE
	EndGlobalSection
	GlobalSection(MonoDevelopProperties) = preSolution
		StartupItem = Assembly-CSharp.csproj
	EndGlobalSection
EndGlobal
